
Microsoft Visual Studio Solution File, Format Version 12.00
Project("{FAE04EC0-301F-11D3-BF4B-00C04F79EFBC}") = "WeatherCord", "WeatherCord.csproj", "{B49CD596-8A06-4665-896F-416B10C43E6F}"
EndProject
Global
	GlobalSection(SolutionConfigurationPlatforms) = preSolution
		Debug|Any CPU = Debug|Any CPU
		Release|Any CPU = Release|Any CPU
	EndGlobalSection
	GlobalSection(ProjectConfigurationPlatforms) = postSolution
		{B49CD596-8A06-4665-896F-416B10C43E6F}.Debug|Any CPU.ActiveCfg = Debug|Any CPU
		{B49CD596-8A06-4665-896F-416B10C43E6F}.Debug|Any CPU.Build.0 = Debug|Any CPU
		{B49CD596-8A06-4665-896F-416B10C43E6F}.Release|Any CPU.ActiveCfg = Release|Any CPU
		{B49CD596-8A06-4665-896F-416B10C43E6F}.Release|Any CPU.Build.0 = Release|Any CPU
	EndGlobalSection
EndGlobal
